
Microsoft Visual Studio Solution File, Format Version 12.00
# Visual Studio Version 16
VisualStudioVersion = 16.0.30320.27
MinimumVisualStudioVersion = 10.0.40219.1
Project("{9A19103F-16F7-4668-BE54-9A1E7A4F7556}") = "Michiru", "Michiru\Michiru.csproj", "{FD553768-6EF2-41CD-8683-D06D39837B5A}"
EndProject
Project("{9A19103F-16F7-4668-BE54-9A1E7A4F7556}") = "ChiruTests", "ChiruTests\ChiruTests.csproj", "{C799D02C-80D5-443F-B5DF-372B3BF827CE}"
EndProject
Project("{FAE04EC0-301F-11D3-BF4B-00C04F79EFBC}") = "ChiruApp", "ChiruApp\ChiruApp.csproj", "{80C2946A-8ED5-43F3-9A0D-7733E37DAB21}"
EndProject
Project("{9A19103F-16F7-4668-BE54-9A1E7A4F7556}") = "ClassificationApp", "ClassificationApp\ClassificationApp.csproj", "{A6AB7F8A-A96F-46AE-8AA2-4D61183C99A0}"
EndProject
Project("{D954291E-2A0B-460D-934E-DC6B0785DB48}") = "Michiru.Utils", "Michiru.Utils\Michiru.Utils.shproj", "{5A6C8337-A8EF-4811-845B-49016389D943}"
EndProject
Global
	GlobalSection(SharedMSBuildProjectFiles) = preSolution
		Michiru.Utils\Michiru.Utils.projitems*{5a6c8337-a8ef-4811-845b-49016389d943}*SharedItemsImports = 13
		Michiru.Utils\Michiru.Utils.projitems*{a6ab7f8a-a96f-46ae-8aa2-4d61183c99a0}*SharedItemsImports = 5
		Michiru.Utils\Michiru.Utils.projitems*{fd553768-6ef2-41cd-8683-d06d39837b5a}*SharedItemsImports = 5
	EndGlobalSection
	GlobalSection(SolutionConfigurationPlatforms) = preSolution
		Debug|Any CPU = Debug|Any CPU
		Release|Any CPU = Release|Any CPU
	EndGlobalSection
	GlobalSection(ProjectConfigurationPlatforms) = postSolution
		{FD553768-6EF2-41CD-8683-D06D39837B5A}.Debug|Any CPU.ActiveCfg = Debug|Any CPU
		{FD553768-6EF2-41CD-8683-D06D39837B5A}.Debug|Any CPU.Build.0 = Debug|Any CPU
		{FD553768-6EF2-41CD-8683-D06D39837B5A}.Release|Any CPU.ActiveCfg = Release|Any CPU
		{FD553768-6EF2-41CD-8683-D06D39837B5A}.Release|Any CPU.Build.0 = Release|Any CPU
		{C799D02C-80D5-443F-B5DF-372B3BF827CE}.Debug|Any CPU.ActiveCfg = Debug|Any CPU
		{C799D02C-80D5-443F-B5DF-372B3BF827CE}.Debug|Any CPU.Build.0 = Debug|Any CPU
		{C799D02C-80D5-443F-B5DF-372B3BF827CE}.Release|Any CPU.ActiveCfg = Release|Any CPU
		{C799D02C-80D5-443F-B5DF-372B3BF827CE}.Release|Any CPU.Build.0 = Release|Any CPU
		{80C2946A-8ED5-43F3-9A0D-7733E37DAB21}.Debug|Any CPU.ActiveCfg = Debug|Any CPU
		{80C2946A-8ED5-43F3-9A0D-7733E37DAB21}.Debug|Any CPU.Build.0 = Debug|Any CPU
		{80C2946A-8ED5-43F3-9A0D-7733E37DAB21}.Release|Any CPU.ActiveCfg = Release|Any CPU
		{80C2946A-8ED5-43F3-9A0D-7733E37DAB21}.Release|Any CPU.Build.0 = Release|Any CPU
		{A6AB7F8A-A96F-46AE-8AA2-4D61183C99A0}.Debug|Any CPU.ActiveCfg = Debug|Any CPU
		{A6AB7F8A-A96F-46AE-8AA2-4D61183C99A0}.Debug|Any CPU.Build.0 = Debug|Any CPU
		{A6AB7F8A-A96F-46AE-8AA2-4D61183C99A0}.Release|Any CPU.ActiveCfg = Release|Any CPU
		{A6AB7F8A-A96F-46AE-8AA2-4D61183C99A0}.Release|Any CPU.Build.0 = Release|Any CPU
	EndGlobalSection
	GlobalSection(SolutionProperties) = preSolution
		HideSolutionNode = FALSE
	EndGlobalSection
	GlobalSection(ExtensibilityGlobals) = postSolution
		SolutionGuid = {D0ABBBB9-C987-4C1E-9A4A-2B2EE698A187}
	EndGlobalSection
EndGlobal
